
Microsoft Visual Studio Solution File, Format Version 12.00
# Visual Studio Version 17
VisualStudioVersion = 17.9.34902.65
MinimumVisualStudioVersion = 10.0.40219.1
Project("{9A19103F-16F7-4668-BE54-9A1E7A4F7556}") = "Taj Plazza_CrudII", "Taj Plazza_CrudII\Taj Plazza_CrudII.csproj", "{D0DDE65C-37C2-4B1E-B50F-AD02C8A10A53}"
EndProject
Project("{FAE04EC0-301F-11D3-BF4B-00C04F79EFBC}") = "Taj-Plazza.Core", "Taj-Plazza.Core\Taj-Plazza.Core.csproj", "{D0533068-5536-47A9-A47F-32D73BA8CD76}"
EndProject
Global
	GlobalSection(SolutionConfigurationPlatforms) = preSolution
		Debug|Any CPU = Debug|Any CPU
		Release|Any CPU = Release|Any CPU
	EndGlobalSection
	GlobalSection(ProjectConfigurationPlatforms) = postSolution
		{D0DDE65C-37C2-4B1E-B50F-AD02C8A10A53}.Debug|Any CPU.ActiveCfg = Debug|Any CPU
		{D0DDE65C-37C2-4B1E-B50F-AD02C8A10A53}.Debug|Any CPU.Build.0 = Debug|Any CPU
		{D0DDE65C-37C2-4B1E-B50F-AD02C8A10A53}.Release|Any CPU.ActiveCfg = Release|Any CPU
		{D0DDE65C-37C2-4B1E-B50F-AD02C8A10A53}.Release|Any CPU.Build.0 = Release|Any CPU
		{D0533068-5536-47A9-A47F-32D73BA8CD76}.Debug|Any CPU.ActiveCfg = Debug|Any CPU
		{D0533068-5536-47A9-A47F-32D73BA8CD76}.Debug|Any CPU.Build.0 = Debug|Any CPU
		{D0533068-5536-47A9-A47F-32D73BA8CD76}.Release|Any CPU.ActiveCfg = Release|Any CPU
		{D0533068-5536-47A9-A47F-32D73BA8CD76}.Release|Any CPU.Build.0 = Release|Any CPU
	EndGlobalSection
	GlobalSection(SolutionProperties) = preSolution
		HideSolutionNode = FALSE
	EndGlobalSection
	GlobalSection(ExtensibilityGlobals) = postSolution
		SolutionGuid = {437A4BCB-53DC-4E65-8118-7E800EDD201D}
	EndGlobalSection
EndGlobal
